
Microsoft Visual Studio Solution File, Format Version 12.00
# Visual Studio 14
VisualStudioVersion = 14.0.25420.1
MinimumVisualStudioVersion = 10.0.40219.1
Project("{FAE04EC0-301F-11D3-BF4B-00C04F79EFBC}") = "Dll", "Dll\Dll.csproj", "{51B69B7C-8AA6-4338-85F3-B51D6BB390CE}"
EndProject
Project("{FAE04EC0-301F-11D3-BF4B-00C04F79EFBC}") = "DllTests", "DllTests\DllTests.csproj", "{429CA407-3CAF-42FE-9D2A-A78A38F10501}"
EndProject
Project("{00D1A9C2-B5F0-4AF3-8072-F6C62B433612}") = "Database", "Database\Database.sqlproj", "{6FC9C1D8-34CD-43ED-A5FB-612BDCEC7D6F}"
EndProject
Project("{FAE04EC0-301F-11D3-BF4B-00C04F79EFBC}") = "App", "App\App.csproj", "{528CBC96-160F-4890-A683-706E05719C74}"
EndProject
Project("{FAE04EC0-301F-11D3-BF4B-00C04F79EFBC}") = "Biometric", "Biometric\Biometric.csproj", "{178843FF-0FC0-416C-800E-07D6EA5C1818}"
EndProject
Project("{FAE04EC0-301F-11D3-BF4B-00C04F79EFBC}") = "BiometricTests", "BiometricTests\BiometricTests.csproj", "{BA1EEBD6-46E3-4FFC-B422-5633C87975B8}"
EndProject
Project("{FAE04EC0-301F-11D3-BF4B-00C04F79EFBC}") = "BiometricMonitor", "BiometricMonitor\BiometricMonitor.csproj", "{4DBB322C-1150-4662-9D33-5E6399B30DDC}"
EndProject
Global
	GlobalSection(SolutionConfigurationPlatforms) = preSolution
		Debug|Any CPU = Debug|Any CPU
		Release|Any CPU = Release|Any CPU
	EndGlobalSection
	GlobalSection(ProjectConfigurationPlatforms) = postSolution
		{51B69B7C-8AA6-4338-85F3-B51D6BB390CE}.Debug|Any CPU.ActiveCfg = Debug|Any CPU
		{51B69B7C-8AA6-4338-85F3-B51D6BB390CE}.Debug|Any CPU.Build.0 = Debug|Any CPU
		{51B69B7C-8AA6-4338-85F3-B51D6BB390CE}.Release|Any CPU.ActiveCfg = Release|Any CPU
		{51B69B7C-8AA6-4338-85F3-B51D6BB390CE}.Release|Any CPU.Build.0 = Release|Any CPU
		{429CA407-3CAF-42FE-9D2A-A78A38F10501}.Debug|Any CPU.ActiveCfg = Debug|Any CPU
		{429CA407-3CAF-42FE-9D2A-A78A38F10501}.Debug|Any CPU.Build.0 = Debug|Any CPU
		{429CA407-3CAF-42FE-9D2A-A78A38F10501}.Release|Any CPU.ActiveCfg = Release|Any CPU
		{429CA407-3CAF-42FE-9D2A-A78A38F10501}.Release|Any CPU.Build.0 = Release|Any CPU
		{6FC9C1D8-34CD-43ED-A5FB-612BDCEC7D6F}.Debug|Any CPU.ActiveCfg = Debug|Any CPU
		{6FC9C1D8-34CD-43ED-A5FB-612BDCEC7D6F}.Debug|Any CPU.Build.0 = Debug|Any CPU
		{6FC9C1D8-34CD-43ED-A5FB-612BDCEC7D6F}.Debug|Any CPU.Deploy.0 = Debug|Any CPU
		{6FC9C1D8-34CD-43ED-A5FB-612BDCEC7D6F}.Release|Any CPU.ActiveCfg = Release|Any CPU
		{6FC9C1D8-34CD-43ED-A5FB-612BDCEC7D6F}.Release|Any CPU.Build.0 = Release|Any CPU
		{6FC9C1D8-34CD-43ED-A5FB-612BDCEC7D6F}.Release|Any CPU.Deploy.0 = Release|Any CPU
		{528CBC96-160F-4890-A683-706E05719C74}.Debug|Any CPU.ActiveCfg = Debug|Any CPU
		{528CBC96-160F-4890-A683-706E05719C74}.Debug|Any CPU.Build.0 = Debug|Any CPU
		{528CBC96-160F-4890-A683-706E05719C74}.Release|Any CPU.ActiveCfg = Release|Any CPU
		{528CBC96-160F-4890-A683-706E05719C74}.Release|Any CPU.Build.0 = Release|Any CPU
		{178843FF-0FC0-416C-800E-07D6EA5C1818}.Debug|Any CPU.ActiveCfg = Debug|Any CPU
		{178843FF-0FC0-416C-800E-07D6EA5C1818}.Debug|Any CPU.Build.0 = Debug|Any CPU
		{178843FF-0FC0-416C-800E-07D6EA5C1818}.Release|Any CPU.ActiveCfg = Release|Any CPU
		{178843FF-0FC0-416C-800E-07D6EA5C1818}.Release|Any CPU.Build.0 = Release|Any CPU
		{BA1EEBD6-46E3-4FFC-B422-5633C87975B8}.Debug|Any CPU.ActiveCfg = Debug|Any CPU
		{BA1EEBD6-46E3-4FFC-B422-5633C87975B8}.Debug|Any CPU.Build.0 = Debug|Any CPU
		{BA1EEBD6-46E3-4FFC-B422-5633C87975B8}.Release|Any CPU.ActiveCfg = Release|Any CPU
		{BA1EEBD6-46E3-4FFC-B422-5633C87975B8}.Release|Any CPU.Build.0 = Release|Any CPU
		{4DBB322C-1150-4662-9D33-5E6399B30DDC}.Debug|Any CPU.ActiveCfg = Debug|Any CPU
		{4DBB322C-1150-4662-9D33-5E6399B30DDC}.Debug|Any CPU.Build.0 = Debug|Any CPU
		{4DBB322C-1150-4662-9D33-5E6399B30DDC}.Release|Any CPU.ActiveCfg = Release|Any CPU
		{4DBB322C-1150-4662-9D33-5E6399B30DDC}.Release|Any CPU.Build.0 = Release|Any CPU
	EndGlobalSection
	GlobalSection(SolutionProperties) = preSolution
		HideSolutionNode = FALSE
	EndGlobalSection
EndGlobal
