
Microsoft Visual Studio Solution File, Format Version 12.00
# Visual Studio 14
VisualStudioVersion = 14.0.25420.1
MinimumVisualStudioVersion = 10.0.40219.1
Project("{FAE04EC0-301F-11D3-BF4B-00C04F79EFBC}") = "Dll", "Dll\Dll.csproj", "{51B69B7C-8AA6-4338-85F3-B51D6BB390CE}"
EndProject
Project("{FAE04EC0-301F-11D3-BF4B-00C04F79EFBC}") = "AiTech", "AiTech\AiTech.csproj", "{0408E3A9-88ED-4B29-9E51-0F526BE0C2CE}"
EndProject
Project("{FAE04EC0-301F-11D3-BF4B-00C04F79EFBC}") = "DllTests", "DllTests\DllTests.csproj", "{429CA407-3CAF-42FE-9D2A-A78A38F10501}"
EndProject
Project("{00D1A9C2-B5F0-4AF3-8072-F6C62B433612}") = "Database", "Database\Database.sqlproj", "{6FC9C1D8-34CD-43ED-A5FB-612BDCEC7D6F}"
EndProject
Project("{FAE04EC0-301F-11D3-BF4B-00C04F79EFBC}") = "_ConsoleTest", "_ConsoleTest\_ConsoleTest.csproj", "{AE99B96E-C82D-4E3C-8866-282D7BF1097C}"
EndProject
Global
	GlobalSection(SolutionConfigurationPlatforms) = preSolution
		Debug|Any CPU = Debug|Any CPU
		Release|Any CPU = Release|Any CPU
	EndGlobalSection
	GlobalSection(ProjectConfigurationPlatforms) = postSolution
		{51B69B7C-8AA6-4338-85F3-B51D6BB390CE}.Debug|Any CPU.ActiveCfg = Debug|Any CPU
		{51B69B7C-8AA6-4338-85F3-B51D6BB390CE}.Debug|Any CPU.Build.0 = Debug|Any CPU
		{51B69B7C-8AA6-4338-85F3-B51D6BB390CE}.Release|Any CPU.ActiveCfg = Release|Any CPU
		{51B69B7C-8AA6-4338-85F3-B51D6BB390CE}.Release|Any CPU.Build.0 = Release|Any CPU
		{0408E3A9-88ED-4B29-9E51-0F526BE0C2CE}.Debug|Any CPU.ActiveCfg = Debug|Any CPU
		{0408E3A9-88ED-4B29-9E51-0F526BE0C2CE}.Debug|Any CPU.Build.0 = Debug|Any CPU
		{0408E3A9-88ED-4B29-9E51-0F526BE0C2CE}.Release|Any CPU.ActiveCfg = Release|Any CPU
		{0408E3A9-88ED-4B29-9E51-0F526BE0C2CE}.Release|Any CPU.Build.0 = Release|Any CPU
		{429CA407-3CAF-42FE-9D2A-A78A38F10501}.Debug|Any CPU.ActiveCfg = Debug|Any CPU
		{429CA407-3CAF-42FE-9D2A-A78A38F10501}.Debug|Any CPU.Build.0 = Debug|Any CPU
		{429CA407-3CAF-42FE-9D2A-A78A38F10501}.Release|Any CPU.ActiveCfg = Release|Any CPU
		{429CA407-3CAF-42FE-9D2A-A78A38F10501}.Release|Any CPU.Build.0 = Release|Any CPU
		{6FC9C1D8-34CD-43ED-A5FB-612BDCEC7D6F}.Debug|Any CPU.ActiveCfg = Debug|Any CPU
		{6FC9C1D8-34CD-43ED-A5FB-612BDCEC7D6F}.Debug|Any CPU.Build.0 = Debug|Any CPU
		{6FC9C1D8-34CD-43ED-A5FB-612BDCEC7D6F}.Debug|Any CPU.Deploy.0 = Debug|Any CPU
		{6FC9C1D8-34CD-43ED-A5FB-612BDCEC7D6F}.Release|Any CPU.ActiveCfg = Release|Any CPU
		{6FC9C1D8-34CD-43ED-A5FB-612BDCEC7D6F}.Release|Any CPU.Build.0 = Release|Any CPU
		{6FC9C1D8-34CD-43ED-A5FB-612BDCEC7D6F}.Release|Any CPU.Deploy.0 = Release|Any CPU
		{AE99B96E-C82D-4E3C-8866-282D7BF1097C}.Debug|Any CPU.ActiveCfg = Debug|Any CPU
		{AE99B96E-C82D-4E3C-8866-282D7BF1097C}.Debug|Any CPU.Build.0 = Debug|Any CPU
		{AE99B96E-C82D-4E3C-8866-282D7BF1097C}.Release|Any CPU.ActiveCfg = Release|Any CPU
		{AE99B96E-C82D-4E3C-8866-282D7BF1097C}.Release|Any CPU.Build.0 = Release|Any CPU
	EndGlobalSection
	GlobalSection(SolutionProperties) = preSolution
		HideSolutionNode = FALSE
	EndGlobalSection
EndGlobal
